// !$*UTF8*$!
{
	archiveVersion = 1;
	classes = {
	};
	objectVersion = 56;
	objects = {

/* Begin PBXBuildFile section */
		773FCDF72AD55553008C6723 /* AnimalListItemView.swift in Sources */ = {isa = PBXBuildFile; fileRef = 773FCDF62AD55553008C6723 /* AnimalListItemView.swift */; };
		773FCDF92AD556ED008C6723 /* AnimalModel.swift in Sources */ = {isa = PBXBuildFile; fileRef = 773FCDF82AD556ED008C6723 /* AnimalModel.swift */; };
		773FCDFB2AD55A01008C6723 /* AnimalDetailsView.swift in Sources */ = {isa = PBXBuildFile; fileRef = 773FCDFA2AD55A01008C6723 /* AnimalDetailsView.swift */; };
		773FCDFD2AD55D0A008C6723 /* HeadingView.swift in Sources */ = {isa = PBXBuildFile; fileRef = 773FCDFC2AD55D0A008C6723 /* HeadingView.swift */; };
		774A66FC2AE6761000513C28 /* LocationModel.swift in Sources */ = {isa = PBXBuildFile; fileRef = 774A66FB2AE6761000513C28 /* LocationModel.swift */; };
		7751160C2AE28310009FAFD4 /* VideoPlayerView.swift in Sources */ = {isa = PBXBuildFile; fileRef = 7751160B2AE2830F009FAFD4 /* VideoPlayerView.swift */; };
		7751160F2AE288C3009FAFD4 /* VideoPlayerHelper.swift in Sources */ = {isa = PBXBuildFile; fileRef = 7751160E2AE288C3009FAFD4 /* VideoPlayerHelper.swift */; };
		776740932ADE8FAA006DE40E /* VideoModel.swift in Sources */ = {isa = PBXBuildFile; fileRef = 776740922ADE8FAA006DE40E /* VideoModel.swift */; };
		776740952ADE903E006DE40E /* VideoListItemView.swift in Sources */ = {isa = PBXBuildFile; fileRef = 776740942ADE903E006DE40E /* VideoListItemView.swift */; };
		776740AA2ADE90B1006DE40E /* lion.mp4 in Resources */ = {isa = PBXBuildFile; fileRef = 776740A02ADE90B1006DE40E /* lion.mp4 */; };
		776740AB2ADE90B1006DE40E /* cheetah.mp4 in Resources */ = {isa = PBXBuildFile; fileRef = 776740A12ADE90B1006DE40E /* cheetah.mp4 */; };
		776740AC2ADE90B1006DE40E /* lioness.mp4 in Resources */ = {isa = PBXBuildFile; fileRef = 776740A22ADE90B1006DE40E /* lioness.mp4 */; };
		776740AD2ADE90B1006DE40E /* elephant.mp4 in Resources */ = {isa = PBXBuildFile; fileRef = 776740A32ADE90B1006DE40E /* elephant.mp4 */; };
		776740AE2ADE90B1006DE40E /* giraffe.mp4 in Resources */ = {isa = PBXBuildFile; fileRef = 776740A42ADE90B1006DE40E /* giraffe.mp4 */; };
		776740AF2ADE90B1006DE40E /* hippo.mp4 in Resources */ = {isa = PBXBuildFile; fileRef = 776740A52ADE90B1006DE40E /* hippo.mp4 */; };
		776740B02ADE90B1006DE40E /* ostrich.mp4 in Resources */ = {isa = PBXBuildFile; fileRef = 776740A62ADE90B1006DE40E /* ostrich.mp4 */; };
		776740B12ADE90B1006DE40E /* gorilla.mp4 in Resources */ = {isa = PBXBuildFile; fileRef = 776740A72ADE90B1006DE40E /* gorilla.mp4 */; };
		776740B22ADE90B1006DE40E /* rhino.mp4 in Resources */ = {isa = PBXBuildFile; fileRef = 776740A82ADE90B1006DE40E /* rhino.mp4 */; };
		776740B32ADE90B1006DE40E /* zebra.mp4 in Resources */ = {isa = PBXBuildFile; fileRef = 776740A92ADE90B1006DE40E /* zebra.mp4 */; };
		776740B82ADE90BA006DE40E /* videos.json in Resources */ = {isa = PBXBuildFile; fileRef = 776740B42ADE90BA006DE40E /* videos.json */; };
		776740B92ADE90BA006DE40E /* animals.json in Resources */ = {isa = PBXBuildFile; fileRef = 776740B52ADE90BA006DE40E /* animals.json */; };
		776740BA2ADE90BA006DE40E /* covers.json in Resources */ = {isa = PBXBuildFile; fileRef = 776740B62ADE90BA006DE40E /* covers.json */; };
		776740BB2ADE90BA006DE40E /* locations.json in Resources */ = {isa = PBXBuildFile; fileRef = 776740B72ADE90BA006DE40E /* locations.json */; };
		77767F252AD9497200E104B2 /* ExternalWeblinkView.swift in Sources */ = {isa = PBXBuildFile; fileRef = 77767F242AD9497200E104B2 /* ExternalWeblinkView.swift */; };
		7780B34C2AD4022F00917918 /* CoverImageView.swift in Sources */ = {isa = PBXBuildFile; fileRef = 7780B34B2AD4022F00917918 /* CoverImageView.swift */; };
		7780B34F2AD4030F00917918 /* CoverImageModel.swift in Sources */ = {isa = PBXBuildFile; fileRef = 7780B34E2AD4030F00917918 /* CoverImageModel.swift */; };
		7780B3532AD4046F00917918 /* CodableBundleExtension.swift in Sources */ = {isa = PBXBuildFile; fileRef = 7780B3522AD4046F00917918 /* CodableBundleExtension.swift */; };
		77AC93092AEA6F4D0087305D /* MotionAnimationView.swift in Sources */ = {isa = PBXBuildFile; fileRef = 77AC93082AEA6F4D0087305D /* MotionAnimationView.swift */; };
		77C254212ACD6E1F0076AB40 /* AfricaApp.swift in Sources */ = {isa = PBXBuildFile; fileRef = 77C254202ACD6E1F0076AB40 /* AfricaApp.swift */; };
		77C254232ACD6E1F0076AB40 /* BrowseView.swift in Sources */ = {isa = PBXBuildFile; fileRef = 77C254222ACD6E1F0076AB40 /* BrowseView.swift */; };
		77C254252ACD6E220076AB40 /* Assets.xcassets in Resources */ = {isa = PBXBuildFile; fileRef = 77C254242ACD6E220076AB40 /* Assets.xcassets */; };
		77C254292ACD6E220076AB40 /* Preview Assets.xcassets in Resources */ = {isa = PBXBuildFile; fileRef = 77C254282ACD6E220076AB40 /* Preview Assets.xcassets */; };
		77C254502ACD71C20076AB40 /* VideoListView.swift in Sources */ = {isa = PBXBuildFile; fileRef = 77C2544F2ACD71C20076AB40 /* VideoListView.swift */; };
		77C254522ACD71D90076AB40 /* MapView.swift in Sources */ = {isa = PBXBuildFile; fileRef = 77C254512ACD71D90076AB40 /* MapView.swift */; };
		77C254542ACD71E80076AB40 /* GalleryView.swift in Sources */ = {isa = PBXBuildFile; fileRef = 77C254532ACD71E80076AB40 /* GalleryView.swift */; };
		77C254562ACD71F50076AB40 /* MainView.swift in Sources */ = {isa = PBXBuildFile; fileRef = 77C254552ACD71F50076AB40 /* MainView.swift */; };
		77CABD902AD7F6AA00B579D0 /* InsetGalleryView.swift in Sources */ = {isa = PBXBuildFile; fileRef = 77CABD8F2AD7F6AA00B579D0 /* InsetGalleryView.swift */; };
		77CABD922AD7FD0400B579D0 /* InsetFacstView.swift in Sources */ = {isa = PBXBuildFile; fileRef = 77CABD912AD7FD0400B579D0 /* InsetFacstView.swift */; };
		77CABD942AD800D800B579D0 /* InsetMapView.swift in Sources */ = {isa = PBXBuildFile; fileRef = 77CABD932AD800D800B579D0 /* InsetMapView.swift */; };
		77D927482AE7C8DD006B3DA1 /* MapAnnotationView.swift in Sources */ = {isa = PBXBuildFile; fileRef = 77D927472AE7C8DD006B3DA1 /* MapAnnotationView.swift */; };
		77D9274A2AE7CC66006B3DA1 /* CoordinatesView.swift in Sources */ = {isa = PBXBuildFile; fileRef = 77D927492AE7CC66006B3DA1 /* CoordinatesView.swift */; };
/* End PBXBuildFile section */

/* Begin PBXFileReference section */
		773FCDF62AD55553008C6723 /* AnimalListItemView.swift */ = {isa = PBXFileReference; lastKnownFileType = sourcecode.swift; path = AnimalListItemView.swift; sourceTree = "<group>"; };
		773FCDF82AD556ED008C6723 /* AnimalModel.swift */ = {isa = PBXFileReference; lastKnownFileType = sourcecode.swift; path = AnimalModel.swift; sourceTree = "<group>"; };
		773FCDFA2AD55A01008C6723 /* AnimalDetailsView.swift */ = {isa = PBXFileReference; lastKnownFileType = sourcecode.swift; path = AnimalDetailsView.swift; sourceTree = "<group>"; };
		773FCDFC2AD55D0A008C6723 /* HeadingView.swift */ = {isa = PBXFileReference; lastKnownFileType = sourcecode.swift; path = HeadingView.swift; sourceTree = "<group>"; };
		774A66FB2AE6761000513C28 /* LocationModel.swift */ = {isa = PBXFileReference; lastKnownFileType = sourcecode.swift; path = LocationModel.swift; sourceTree = "<group>"; };
		7751160B2AE2830F009FAFD4 /* VideoPlayerView.swift */ = {isa = PBXFileReference; lastKnownFileType = sourcecode.swift; path = VideoPlayerView.swift; sourceTree = "<group>"; };
		7751160E2AE288C3009FAFD4 /* VideoPlayerHelper.swift */ = {isa = PBXFileReference; lastKnownFileType = sourcecode.swift; path = VideoPlayerHelper.swift; sourceTree = "<group>"; };
		776740922ADE8FAA006DE40E /* VideoModel.swift */ = {isa = PBXFileReference; lastKnownFileType = sourcecode.swift; path = VideoModel.swift; sourceTree = "<group>"; };
		776740942ADE903E006DE40E /* VideoListItemView.swift */ = {isa = PBXFileReference; lastKnownFileType = sourcecode.swift; path = VideoListItemView.swift; sourceTree = "<group>"; };
		776740A02ADE90B1006DE40E /* lion.mp4 */ = {isa = PBXFileReference; lastKnownFileType = file; name = lion.mp4; path = "../../../../../../Downloads/SWIFTUI-APP-AFRICA-UPDATED/Resources/video/lion.mp4"; sourceTree = "<group>"; };
		776740A12ADE90B1006DE40E /* cheetah.mp4 */ = {isa = PBXFileReference; lastKnownFileType = file; name = cheetah.mp4; path = "../../../../../../Downloads/SWIFTUI-APP-AFRICA-UPDATED/Resources/video/cheetah.mp4"; sourceTree = "<group>"; };
		776740A22ADE90B1006DE40E /* lioness.mp4 */ = {isa = PBXFileReference; lastKnownFileType = file; name = lioness.mp4; path = "../../../../../../Downloads/SWIFTUI-APP-AFRICA-UPDATED/Resources/video/lioness.mp4"; sourceTree = "<group>"; };
		776740A32ADE90B1006DE40E /* elephant.mp4 */ = {isa = PBXFileReference; lastKnownFileType = file; name = elephant.mp4; path = "../../../../../../Downloads/SWIFTUI-APP-AFRICA-UPDATED/Resources/video/elephant.mp4"; sourceTree = "<group>"; };
		776740A42ADE90B1006DE40E /* giraffe.mp4 */ = {isa = PBXFileReference; lastKnownFileType = file; name = giraffe.mp4; path = "../../../../../../Downloads/SWIFTUI-APP-AFRICA-UPDATED/Resources/video/giraffe.mp4"; sourceTree = "<group>"; };
		776740A52ADE90B1006DE40E /* hippo.mp4 */ = {isa = PBXFileReference; lastKnownFileType = file; name = hippo.mp4; path = "../../../../../../Downloads/SWIFTUI-APP-AFRICA-UPDATED/Resources/video/hippo.mp4"; sourceTree = "<group>"; };
		776740A62ADE90B1006DE40E /* ostrich.mp4 */ = {isa = PBXFileReference; lastKnownFileType = file; name = ostrich.mp4; path = "../../../../../../Downloads/SWIFTUI-APP-AFRICA-UPDATED/Resources/video/ostrich.mp4"; sourceTree = "<group>"; };
		776740A72ADE90B1006DE40E /* gorilla.mp4 */ = {isa = PBXFileReference; lastKnownFileType = file; name = gorilla.mp4; path = "../../../../../../Downloads/SWIFTUI-APP-AFRICA-UPDATED/Resources/video/gorilla.mp4"; sourceTree = "<group>"; };
		776740A82ADE90B1006DE40E /* rhino.mp4 */ = {isa = PBXFileReference; lastKnownFileType = file; name = rhino.mp4; path = "../../../../../../Downloads/SWIFTUI-APP-AFRICA-UPDATED/Resources/video/rhino.mp4"; sourceTree = "<group>"; };
		776740A92ADE90B1006DE40E /* zebra.mp4 */ = {isa = PBXFileReference; lastKnownFileType = file; name = zebra.mp4; path = "../../../../../../Downloads/SWIFTUI-APP-AFRICA-UPDATED/Resources/video/zebra.mp4"; sourceTree = "<group>"; };
		776740B42ADE90BA006DE40E /* videos.json */ = {isa = PBXFileReference; fileEncoding = 4; lastKnownFileType = text.json; name = videos.json; path = "../../../../../../Downloads/SWIFTUI-APP-AFRICA-UPDATED/Resources/data/videos.json"; sourceTree = "<group>"; };
		776740B52ADE90BA006DE40E /* animals.json */ = {isa = PBXFileReference; fileEncoding = 4; lastKnownFileType = text.json; name = animals.json; path = "../../../../../../Downloads/SWIFTUI-APP-AFRICA-UPDATED/Resources/data/animals.json"; sourceTree = "<group>"; };
		776740B62ADE90BA006DE40E /* covers.json */ = {isa = PBXFileReference; fileEncoding = 4; lastKnownFileType = text.json; name = covers.json; path = "../../../../../../Downloads/SWIFTUI-APP-AFRICA-UPDATED/Resources/data/covers.json"; sourceTree = "<group>"; };
		776740B72ADE90BA006DE40E /* locations.json */ = {isa = PBXFileReference; fileEncoding = 4; lastKnownFileType = text.json; name = locations.json; path = "../../../../../../Downloads/SWIFTUI-APP-AFRICA-UPDATED/Resources/data/locations.json"; sourceTree = "<group>"; };
		77767F242AD9497200E104B2 /* ExternalWeblinkView.swift */ = {isa = PBXFileReference; lastKnownFileType = sourcecode.swift; path = ExternalWeblinkView.swift; sourceTree = "<group>"; };
		7780B34B2AD4022F00917918 /* CoverImageView.swift */ = {isa = PBXFileReference; lastKnownFileType = sourcecode.swift; path = CoverImageView.swift; sourceTree = "<group>"; };
		7780B34E2AD4030F00917918 /* CoverImageModel.swift */ = {isa = PBXFileReference; lastKnownFileType = sourcecode.swift; path = CoverImageModel.swift; sourceTree = "<group>"; };
		7780B3522AD4046F00917918 /* CodableBundleExtension.swift */ = {isa = PBXFileReference; lastKnownFileType = sourcecode.swift; path = CodableBundleExtension.swift; sourceTree = "<group>"; };
		77AC93082AEA6F4D0087305D /* MotionAnimationView.swift */ = {isa = PBXFileReference; lastKnownFileType = sourcecode.swift; path = MotionAnimationView.swift; sourceTree = "<group>"; };
		77C2541D2ACD6E1F0076AB40 /* Africa.app */ = {isa = PBXFileReference; explicitFileType = wrapper.application; includeInIndex = 0; path = Africa.app; sourceTree = BUILT_PRODUCTS_DIR; };
		77C254202ACD6E1F0076AB40 /* AfricaApp.swift */ = {isa = PBXFileReference; lastKnownFileType = sourcecode.swift; path = AfricaApp.swift; sourceTree = "<group>"; };
		77C254222ACD6E1F0076AB40 /* BrowseView.swift */ = {isa = PBXFileReference; lastKnownFileType = sourcecode.swift; path = BrowseView.swift; sourceTree = "<group>"; };
		77C254242ACD6E220076AB40 /* Assets.xcassets */ = {isa = PBXFileReference; lastKnownFileType = folder.assetcatalog; path = Assets.xcassets; sourceTree = "<group>"; };
		77C254262ACD6E220076AB40 /* Africa.entitlements */ = {isa = PBXFileReference; lastKnownFileType = text.plist.entitlements; path = Africa.entitlements; sourceTree = "<group>"; };
		77C254282ACD6E220076AB40 /* Preview Assets.xcassets */ = {isa = PBXFileReference; lastKnownFileType = folder.assetcatalog; path = "Preview Assets.xcassets"; sourceTree = "<group>"; };
		77C2544D2ACD70D80076AB40 /* Info.plist */ = {isa = PBXFileReference; lastKnownFileType = text.plist; path = Info.plist; sourceTree = "<group>"; };
		77C2544F2ACD71C20076AB40 /* VideoListView.swift */ = {isa = PBXFileReference; lastKnownFileType = sourcecode.swift; path = VideoListView.swift; sourceTree = "<group>"; };
		77C254512ACD71D90076AB40 /* MapView.swift */ = {isa = PBXFileReference; lastKnownFileType = sourcecode.swift; path = MapView.swift; sourceTree = "<group>"; };
		77C254532ACD71E80076AB40 /* GalleryView.swift */ = {isa = PBXFileReference; lastKnownFileType = sourcecode.swift; path = GalleryView.swift; sourceTree = "<group>"; };
		77C254552ACD71F50076AB40 /* MainView.swift */ = {isa = PBXFileReference; lastKnownFileType = sourcecode.swift; path = MainView.swift; sourceTree = "<group>"; };
		77CABD8F2AD7F6AA00B579D0 /* InsetGalleryView.swift */ = {isa = PBXFileReference; lastKnownFileType = sourcecode.swift; path = InsetGalleryView.swift; sourceTree = "<group>"; };
		77CABD912AD7FD0400B579D0 /* InsetFacstView.swift */ = {isa = PBXFileReference; lastKnownFileType = sourcecode.swift; path = InsetFacstView.swift; sourceTree = "<group>"; };
		77CABD932AD800D800B579D0 /* InsetMapView.swift */ = {isa = PBXFileReference; lastKnownFileType = sourcecode.swift; path = InsetMapView.swift; sourceTree = "<group>"; };
		77D927472AE7C8DD006B3DA1 /* MapAnnotationView.swift */ = {isa = PBXFileReference; lastKnownFileType = sourcecode.swift; path = MapAnnotationView.swift; sourceTree = "<group>"; };
		77D927492AE7CC66006B3DA1 /* CoordinatesView.swift */ = {isa = PBXFileReference; lastKnownFileType = sourcecode.swift; path = CoordinatesView.swift; sourceTree = "<group>"; };
/* End PBXFileReference section */

/* Begin PBXFrameworksBuildPhase section */
		77C2541A2ACD6E1F0076AB40 /* Frameworks */ = {
			isa = PBXFrameworksBuildPhase;
			buildActionMask = 2147483647;
			files = (
			);
			runOnlyForDeploymentPostprocessing = 0;
		};
/* End PBXFrameworksBuildPhase section */

/* Begin PBXGroup section */
		77344C962ADD440E00FF0297 /* Data */ = {
			isa = PBXGroup;
			children = (
				776740B52ADE90BA006DE40E /* animals.json */,
				776740B62ADE90BA006DE40E /* covers.json */,
				776740B72ADE90BA006DE40E /* locations.json */,
				776740B42ADE90BA006DE40E /* videos.json */,
			);
			path = Data;
			sourceTree = "<group>";
		};
		77344C9F2ADD442000FF0297 /* Video */ = {
			isa = PBXGroup;
			children = (
				776740A12ADE90B1006DE40E /* cheetah.mp4 */,
				776740A32ADE90B1006DE40E /* elephant.mp4 */,
				776740A42ADE90B1006DE40E /* giraffe.mp4 */,
				776740A72ADE90B1006DE40E /* gorilla.mp4 */,
				776740A52ADE90B1006DE40E /* hippo.mp4 */,
				776740A02ADE90B1006DE40E /* lion.mp4 */,
				776740A22ADE90B1006DE40E /* lioness.mp4 */,
				776740A62ADE90B1006DE40E /* ostrich.mp4 */,
				776740A82ADE90B1006DE40E /* rhino.mp4 */,
				776740A92ADE90B1006DE40E /* zebra.mp4 */,
			);
			path = Video;
			sourceTree = "<group>";
		};
		7751160D2AE28395009FAFD4 /* Helper */ = {
			isa = PBXGroup;
			children = (
				7751160E2AE288C3009FAFD4 /* VideoPlayerHelper.swift */,
			);
			path = Helper;
			sourceTree = "<group>";
		};
		7780B34A2AD4022000917918 /* View */ = {
			isa = PBXGroup;
			children = (
				7780B34B2AD4022F00917918 /* CoverImageView.swift */,
				773FCDF62AD55553008C6723 /* AnimalListItemView.swift */,
				773FCDFA2AD55A01008C6723 /* AnimalDetailsView.swift */,
				77767F242AD9497200E104B2 /* ExternalWeblinkView.swift */,
				77CABD932AD800D800B579D0 /* InsetMapView.swift */,
				77CABD912AD7FD0400B579D0 /* InsetFacstView.swift */,
				773FCDFC2AD55D0A008C6723 /* HeadingView.swift */,
				77CABD8F2AD7F6AA00B579D0 /* InsetGalleryView.swift */,
				776740942ADE903E006DE40E /* VideoListItemView.swift */,
				7751160B2AE2830F009FAFD4 /* VideoPlayerView.swift */,
				77D927472AE7C8DD006B3DA1 /* MapAnnotationView.swift */,
				77D927492AE7CC66006B3DA1 /* CoordinatesView.swift */,
				77AC93082AEA6F4D0087305D /* MotionAnimationView.swift */,
			);
			path = View;
			sourceTree = "<group>";
		};
		7780B34D2AD402F700917918 /* Model */ = {
			isa = PBXGroup;
			children = (
				7780B34E2AD4030F00917918 /* CoverImageModel.swift */,
				773FCDF82AD556ED008C6723 /* AnimalModel.swift */,
				776740922ADE8FAA006DE40E /* VideoModel.swift */,
				774A66FB2AE6761000513C28 /* LocationModel.swift */,
			);
			path = Model;
			sourceTree = "<group>";
		};
		7780B3512AD4045A00917918 /* Extension */ = {
			isa = PBXGroup;
			children = (
				7780B3522AD4046F00917918 /* CodableBundleExtension.swift */,
			);
			path = Extension;
			sourceTree = "<group>";
		};
		77C254142ACD6E1F0076AB40 = {
			isa = PBXGroup;
			children = (
				77C2541F2ACD6E1F0076AB40 /* Africa */,
				77C2541E2ACD6E1F0076AB40 /* Products */,
			);
			sourceTree = "<group>";
		};
		77C2541E2ACD6E1F0076AB40 /* Products */ = {
			isa = PBXGroup;
			children = (
				77C2541D2ACD6E1F0076AB40 /* Africa.app */,
			);
			name = Products;
			sourceTree = "<group>";
		};
		77C2541F2ACD6E1F0076AB40 /* Africa */ = {
			isa = PBXGroup;
			children = (
				7751160D2AE28395009FAFD4 /* Helper */,
				77344C9F2ADD442000FF0297 /* Video */,
				77344C962ADD440E00FF0297 /* Data */,
				7780B3512AD4045A00917918 /* Extension */,
				7780B34D2AD402F700917918 /* Model */,
				7780B34A2AD4022000917918 /* View */,
				77C2544D2ACD70D80076AB40 /* Info.plist */,
				77C2544E2ACD71830076AB40 /* App */,
				77C254242ACD6E220076AB40 /* Assets.xcassets */,
				77C254262ACD6E220076AB40 /* Africa.entitlements */,
				77C254272ACD6E220076AB40 /* Preview Content */,
			);
			path = Africa;
			sourceTree = "<group>";
		};
		77C254272ACD6E220076AB40 /* Preview Content */ = {
			isa = PBXGroup;
			children = (
				77C254282ACD6E220076AB40 /* Preview Assets.xcassets */,
			);
			path = "Preview Content";
			sourceTree = "<group>";
		};
		77C2544E2ACD71830076AB40 /* App */ = {
			isa = PBXGroup;
			children = (
				77C254202ACD6E1F0076AB40 /* AfricaApp.swift */,
				77C254222ACD6E1F0076AB40 /* BrowseView.swift */,
				77C2544F2ACD71C20076AB40 /* VideoListView.swift */,
				77C254512ACD71D90076AB40 /* MapView.swift */,
				77C254532ACD71E80076AB40 /* GalleryView.swift */,
				77C254552ACD71F50076AB40 /* MainView.swift */,
			);
			path = App;
			sourceTree = "<group>";
		};
/* End PBXGroup section */

/* Begin PBXNativeTarget section */
		77C2541C2ACD6E1F0076AB40 /* Africa */ = {
			isa = PBXNativeTarget;
			buildConfigurationList = 77C2542C2ACD6E220076AB40 /* Build configuration list for PBXNativeTarget "Africa" */;
			buildPhases = (
				77C254192ACD6E1F0076AB40 /* Sources */,
				77C2541A2ACD6E1F0076AB40 /* Frameworks */,
				77C2541B2ACD6E1F0076AB40 /* Resources */,
			);
			buildRules = (
			);
			dependencies = (
			);
			name = Africa;
			productName = Africa;
			productReference = 77C2541D2ACD6E1F0076AB40 /* Africa.app */;
			productType = "com.apple.product-type.application";
		};
/* End PBXNativeTarget section */

/* Begin PBXProject section */
		77C254152ACD6E1F0076AB40 /* Project object */ = {
			isa = PBXProject;
			attributes = {
				BuildIndependentTargetsInParallel = 1;
				LastSwiftUpdateCheck = 1430;
				LastUpgradeCheck = 1430;
				TargetAttributes = {
					77C2541C2ACD6E1F0076AB40 = {
						CreatedOnToolsVersion = 14.3.1;
					};
				};
			};
			buildConfigurationList = 77C254182ACD6E1F0076AB40 /* Build configuration list for PBXProject "Africa" */;
			compatibilityVersion = "Xcode 14.0";
			developmentRegion = en;
			hasScannedForEncodings = 0;
			knownRegions = (
				en,
				Base,
			);
			mainGroup = 77C254142ACD6E1F0076AB40;
			productRefGroup = 77C2541E2ACD6E1F0076AB40 /* Products */;
			projectDirPath = "";
			projectRoot = "";
			targets = (
				77C2541C2ACD6E1F0076AB40 /* Africa */,
			);
		};
/* End PBXProject section */

/* Begin PBXResourcesBuildPhase section */
		77C2541B2ACD6E1F0076AB40 /* Resources */ = {
			isa = PBXResourcesBuildPhase;
			buildActionMask = 2147483647;
			files = (
				776740AF2ADE90B1006DE40E /* hippo.mp4 in Resources */,
				776740AB2ADE90B1006DE40E /* cheetah.mp4 in Resources */,
				776740BB2ADE90BA006DE40E /* locations.json in Resources */,
				776740B12ADE90B1006DE40E /* gorilla.mp4 in Resources */,
				77C254292ACD6E220076AB40 /* Preview Assets.xcassets in Resources */,
				776740B82ADE90BA006DE40E /* videos.json in Resources */,
				776740B32ADE90B1006DE40E /* zebra.mp4 in Resources */,
				776740B02ADE90B1006DE40E /* ostrich.mp4 in Resources */,
				776740B92ADE90BA006DE40E /* animals.json in Resources */,
				776740AD2ADE90B1006DE40E /* elephant.mp4 in Resources */,
				776740AC2ADE90B1006DE40E /* lioness.mp4 in Resources */,
				776740BA2ADE90BA006DE40E /* covers.json in Resources */,
				776740AA2ADE90B1006DE40E /* lion.mp4 in Resources */,
				776740AE2ADE90B1006DE40E /* giraffe.mp4 in Resources */,
				776740B22ADE90B1006DE40E /* rhino.mp4 in Resources */,
				77C254252ACD6E220076AB40 /* Assets.xcassets in Resources */,
			);
			runOnlyForDeploymentPostprocessing = 0;
		};
/* End PBXResourcesBuildPhase section */

/* Begin PBXSourcesBuildPhase section */
		77C254192ACD6E1F0076AB40 /* Sources */ = {
			isa = PBXSourcesBuildPhase;
			buildActionMask = 2147483647;
			files = (
				77767F252AD9497200E104B2 /* ExternalWeblinkView.swift in Sources */,
				77C254232ACD6E1F0076AB40 /* BrowseView.swift in Sources */,
				773FCDF72AD55553008C6723 /* AnimalListItemView.swift in Sources */,
				77C254562ACD71F50076AB40 /* MainView.swift in Sources */,
				77CABD922AD7FD0400B579D0 /* InsetFacstView.swift in Sources */,
				7780B34C2AD4022F00917918 /* CoverImageView.swift in Sources */,
				7780B34F2AD4030F00917918 /* CoverImageModel.swift in Sources */,
				773FCDF92AD556ED008C6723 /* AnimalModel.swift in Sources */,
				77C254522ACD71D90076AB40 /* MapView.swift in Sources */,
				77C254212ACD6E1F0076AB40 /* AfricaApp.swift in Sources */,
				7751160F2AE288C3009FAFD4 /* VideoPlayerHelper.swift in Sources */,
				77CABD942AD800D800B579D0 /* InsetMapView.swift in Sources */,
				77C254502ACD71C20076AB40 /* VideoListView.swift in Sources */,
				77D927482AE7C8DD006B3DA1 /* MapAnnotationView.swift in Sources */,
				77D9274A2AE7CC66006B3DA1 /* CoordinatesView.swift in Sources */,
				773FCDFB2AD55A01008C6723 /* AnimalDetailsView.swift in Sources */,
				776740932ADE8FAA006DE40E /* VideoModel.swift in Sources */,
				77C254542ACD71E80076AB40 /* GalleryView.swift in Sources */,
				774A66FC2AE6761000513C28 /* LocationModel.swift in Sources */,
				77CABD902AD7F6AA00B579D0 /* InsetGalleryView.swift in Sources */,
				776740952ADE903E006DE40E /* VideoListItemView.swift in Sources */,
				7780B3532AD4046F00917918 /* CodableBundleExtension.swift in Sources */,
				773FCDFD2AD55D0A008C6723 /* HeadingView.swift in Sources */,
				7751160C2AE28310009FAFD4 /* VideoPlayerView.swift in Sources */,
				77AC93092AEA6F4D0087305D /* MotionAnimationView.swift in Sources */,
			);
			runOnlyForDeploymentPostprocessing = 0;
		};
/* End PBXSourcesBuildPhase section */

/* Begin XCBuildConfiguration section */
		77C2542A2ACD6E220076AB40 /* Debug */ = {
			isa = XCBuildConfiguration;
			buildSettings = {
				ALWAYS_SEARCH_USER_PATHS = NO;
				CLANG_ANALYZER_NONNULL = YES;
				CLANG_ANALYZER_NUMBER_OBJECT_CONVERSION = YES_AGGRESSIVE;
				CLANG_CXX_LANGUAGE_STANDARD = "gnu++20";
				CLANG_ENABLE_MODULES = YES;
				CLANG_ENABLE_OBJC_ARC = YES;
				CLANG_ENABLE_OBJC_WEAK = YES;
				CLANG_WARN_BLOCK_CAPTURE_AUTORELEASING = YES;
				CLANG_WARN_BOOL_CONVERSION = YES;
				CLANG_WARN_COMMA = YES;
				CLANG_WARN_CONSTANT_CONVERSION = YES;
				CLANG_WARN_DEPRECATED_OBJC_IMPLEMENTATIONS = YES;
				CLANG_WARN_DIRECT_OBJC_ISA_USAGE = YES_ERROR;
				CLANG_WARN_DOCUMENTATION_COMMENTS = YES;
				CLANG_WARN_EMPTY_BODY = YES;
				CLANG_WARN_ENUM_CONVERSION = YES;
				CLANG_WARN_INFINITE_RECURSION = YES;
				CLANG_WARN_INT_CONVERSION = YES;
				CLANG_WARN_NON_LITERAL_NULL_CONVERSION = YES;
				CLANG_WARN_OBJC_IMPLICIT_RETAIN_SELF = YES;
				CLANG_WARN_OBJC_LITERAL_CONVERSION = YES;
				CLANG_WARN_OBJC_ROOT_CLASS = YES_ERROR;
				CLANG_WARN_QUOTED_INCLUDE_IN_FRAMEWORK_HEADER = YES;
				CLANG_WARN_RANGE_LOOP_ANALYSIS = YES;
				CLANG_WARN_STRICT_PROTOTYPES = YES;
				CLANG_WARN_SUSPICIOUS_MOVE = YES;
				CLANG_WARN_UNGUARDED_AVAILABILITY = YES_AGGRESSIVE;
				CLANG_WARN_UNREACHABLE_CODE = YES;
				CLANG_WARN__DUPLICATE_METHOD_MATCH = YES;
				COPY_PHASE_STRIP = NO;
				DEBUG_INFORMATION_FORMAT = dwarf;
				ENABLE_STRICT_OBJC_MSGSEND = YES;
				ENABLE_TESTABILITY = YES;
				GCC_C_LANGUAGE_STANDARD = gnu11;
				GCC_DYNAMIC_NO_PIC = NO;
				GCC_NO_COMMON_BLOCKS = YES;
				GCC_OPTIMIZATION_LEVEL = 0;
				GCC_PREPROCESSOR_DEFINITIONS = (
					"DEBUG=1",
					"$(inherited)",
				);
				GCC_WARN_64_TO_32_BIT_CONVERSION = YES;
				GCC_WARN_ABOUT_RETURN_TYPE = YES_ERROR;
				GCC_WARN_UNDECLARED_SELECTOR = YES;
				GCC_WARN_UNINITIALIZED_AUTOS = YES_AGGRESSIVE;
				GCC_WARN_UNUSED_FUNCTION = YES;
				GCC_WARN_UNUSED_VARIABLE = YES;
				MTL_ENABLE_DEBUG_INFO = INCLUDE_SOURCE;
				MTL_FAST_MATH = YES;
				ONLY_ACTIVE_ARCH = YES;
				SWIFT_ACTIVE_COMPILATION_CONDITIONS = DEBUG;
				SWIFT_OPTIMIZATION_LEVEL = "-Onone";
			};
			name = Debug;
		};
		77C2542B2ACD6E220076AB40 /* Release */ = {
			isa = XCBuildConfiguration;
			buildSettings = {
				ALWAYS_SEARCH_USER_PATHS = NO;
				CLANG_ANALYZER_NONNULL = YES;
				CLANG_ANALYZER_NUMBER_OBJECT_CONVERSION = YES_AGGRESSIVE;
				CLANG_CXX_LANGUAGE_STANDARD = "gnu++20";
				CLANG_ENABLE_MODULES = YES;
				CLANG_ENABLE_OBJC_ARC = YES;
				CLANG_ENABLE_OBJC_WEAK = YES;
				CLANG_WARN_BLOCK_CAPTURE_AUTORELEASING = YES;
				CLANG_WARN_BOOL_CONVERSION = YES;
				CLANG_WARN_COMMA = YES;
				CLANG_WARN_CONSTANT_CONVERSION = YES;
				CLANG_WARN_DEPRECATED_OBJC_IMPLEMENTATIONS = YES;
				CLANG_WARN_DIRECT_OBJC_ISA_USAGE = YES_ERROR;
				CLANG_WARN_DOCUMENTATION_COMMENTS = YES;
				CLANG_WARN_EMPTY_BODY = YES;
				CLANG_WARN_ENUM_CONVERSION = YES;
				CLANG_WARN_INFINITE_RECURSION = YES;
				CLANG_WARN_INT_CONVERSION = YES;
				CLANG_WARN_NON_LITERAL_NULL_CONVERSION = YES;
				CLANG_WARN_OBJC_IMPLICIT_RETAIN_SELF = YES;
				CLANG_WARN_OBJC_LITERAL_CONVERSION = YES;
				CLANG_WARN_OBJC_ROOT_CLASS = YES_ERROR;
				CLANG_WARN_QUOTED_INCLUDE_IN_FRAMEWORK_HEADER = YES;
				CLANG_WARN_RANGE_LOOP_ANALYSIS = YES;
				CLANG_WARN_STRICT_PROTOTYPES = YES;
				CLANG_WARN_SUSPICIOUS_MOVE = YES;
				CLANG_WARN_UNGUARDED_AVAILABILITY = YES_AGGRESSIVE;
				CLANG_WARN_UNREACHABLE_CODE = YES;
				CLANG_WARN__DUPLICATE_METHOD_MATCH = YES;
				COPY_PHASE_STRIP = NO;
				DEBUG_INFORMATION_FORMAT = "dwarf-with-dsym";
				ENABLE_NS_ASSERTIONS = NO;
				ENABLE_STRICT_OBJC_MSGSEND = YES;
				GCC_C_LANGUAGE_STANDARD = gnu11;
				GCC_NO_COMMON_BLOCKS = YES;
				GCC_WARN_64_TO_32_BIT_CONVERSION = YES;
				GCC_WARN_ABOUT_RETURN_TYPE = YES_ERROR;
				GCC_WARN_UNDECLARED_SELECTOR = YES;
				GCC_WARN_UNINITIALIZED_AUTOS = YES_AGGRESSIVE;
				GCC_WARN_UNUSED_FUNCTION = YES;
				GCC_WARN_UNUSED_VARIABLE = YES;
				MTL_ENABLE_DEBUG_INFO = NO;
				MTL_FAST_MATH = YES;
				SWIFT_COMPILATION_MODE = wholemodule;
				SWIFT_OPTIMIZATION_LEVEL = "-O";
			};
			name = Release;
		};
		77C2542D2ACD6E220076AB40 /* Debug */ = {
			isa = XCBuildConfiguration;
			buildSettings = {
				ASSETCATALOG_COMPILER_APPICON_NAME = AppIcon;
				ASSETCATALOG_COMPILER_GLOBAL_ACCENT_COLOR_NAME = AccentColor;
				CODE_SIGN_ENTITLEMENTS = Africa/Africa.entitlements;
				CODE_SIGN_STYLE = Automatic;
				CURRENT_PROJECT_VERSION = 5;
				DEVELOPMENT_ASSET_PATHS = "\"Africa/Preview Content\"";
				DEVELOPMENT_TEAM = HFZ85PQ8J7;
				ENABLE_HARDENED_RUNTIME = YES;
				ENABLE_PREVIEWS = YES;
				GENERATE_INFOPLIST_FILE = YES;
				INFOPLIST_FILE = Africa/Info.plist;
				"INFOPLIST_KEY_UIApplicationSceneManifest_Generation[sdk=iphoneos*]" = YES;
				"INFOPLIST_KEY_UIApplicationSceneManifest_Generation[sdk=iphonesimulator*]" = YES;
				"INFOPLIST_KEY_UIApplicationSupportsIndirectInputEvents[sdk=iphoneos*]" = YES;
				"INFOPLIST_KEY_UIApplicationSupportsIndirectInputEvents[sdk=iphonesimulator*]" = YES;
				"INFOPLIST_KEY_UILaunchScreen_Generation[sdk=iphoneos*]" = YES;
				"INFOPLIST_KEY_UILaunchScreen_Generation[sdk=iphonesimulator*]" = YES;
				"INFOPLIST_KEY_UIStatusBarStyle[sdk=iphoneos*]" = UIStatusBarStyleDefault;
				"INFOPLIST_KEY_UIStatusBarStyle[sdk=iphonesimulator*]" = UIStatusBarStyleDefault;
				INFOPLIST_KEY_UISupportedInterfaceOrientations_iPad = "UIInterfaceOrientationPortrait UIInterfaceOrientationPortraitUpsideDown UIInterfaceOrientationLandscapeLeft UIInterfaceOrientationLandscapeRight";
				INFOPLIST_KEY_UISupportedInterfaceOrientations_iPhone = "UIInterfaceOrientationPortrait UIInterfaceOrientationLandscapeLeft UIInterfaceOrientationLandscapeRight";
				INFOPLIST_KEY_UIUserInterfaceStyle = Dark;
				IPHONEOS_DEPLOYMENT_TARGET = 15.5;
				LD_RUNPATH_SEARCH_PATHS = "@executable_path/Frameworks";
				"LD_RUNPATH_SEARCH_PATHS[sdk=macosx*]" = "@executable_path/../Frameworks";
				MACOSX_DEPLOYMENT_TARGET = 13.3;
				MARKETING_VERSION = 1.0;
				PRODUCT_BUNDLE_IDENTIFIER = com.nonatosousa.africaapp;
				PRODUCT_NAME = "$(TARGET_NAME)";
				SDKROOT = auto;
				SUPPORTED_PLATFORMS = "iphoneos iphonesimulator";
				SUPPORTS_MACCATALYST = NO;
				SUPPORTS_MAC_DESIGNED_FOR_IPHONE_IPAD = NO;
				SWIFT_EMIT_LOC_STRINGS = YES;
				SWIFT_VERSION = 5.0;
				TARGETED_DEVICE_FAMILY = "1,2";
			};
			name = Debug;
		};
		77C2542E2ACD6E220076AB40 /* Release */ = {
			isa = XCBuildConfiguration;
			buildSettings = {
				ASSETCATALOG_COMPILER_APPICON_NAME = AppIcon;
				ASSETCATALOG_COMPILER_GLOBAL_ACCENT_COLOR_NAME = AccentColor;
				CODE_SIGN_ENTITLEMENTS = Africa/Africa.entitlements;
				CODE_SIGN_STYLE = Automatic;
				CURRENT_PROJECT_VERSION = 5;
				DEVELOPMENT_ASSET_PATHS = "\"Africa/Preview Content\"";
				DEVELOPMENT_TEAM = HFZ85PQ8J7;
				ENABLE_HARDENED_RUNTIME = YES;
				ENABLE_PREVIEWS = YES;
				GENERATE_INFOPLIST_FILE = YES;
				INFOPLIST_FILE = Africa/Info.plist;
				"INFOPLIST_KEY_UIApplicationSceneManifest_Generation[sdk=iphoneos*]" = YES;
				"INFOPLIST_KEY_UIApplicationSceneManifest_Generation[sdk=iphonesimulator*]" = YES;
				"INFOPLIST_KEY_UIApplicationSupportsIndirectInputEvents[sdk=iphoneos*]" = YES;
				"INFOPLIST_KEY_UIApplicationSupportsIndirectInputEvents[sdk=iphonesimulator*]" = YES;
				"INFOPLIST_KEY_UILaunchScreen_Generation[sdk=iphoneos*]" = YES;
				"INFOPLIST_KEY_UILaunchScreen_Generation[sdk=iphonesimulator*]" = YES;
				"INFOPLIST_KEY_UIStatusBarStyle[sdk=iphoneos*]" = UIStatusBarStyleDefault;
				"INFOPLIST_KEY_UIStatusBarStyle[sdk=iphonesimulator*]" = UIStatusBarStyleDefault;
				INFOPLIST_KEY_UISupportedInterfaceOrientations_iPad = "UIInterfaceOrientationPortrait UIInterfaceOrientationPortraitUpsideDown UIInterfaceOrientationLandscapeLeft UIInterfaceOrientationLandscapeRight";
				INFOPLIST_KEY_UISupportedInterfaceOrientations_iPhone = "UIInterfaceOrientationPortrait UIInterfaceOrientationLandscapeLeft UIInterfaceOrientationLandscapeRight";
				INFOPLIST_KEY_UIUserInterfaceStyle = Dark;
				IPHONEOS_DEPLOYMENT_TARGET = 15.5;
				LD_RUNPATH_SEARCH_PATHS = "@executable_path/Frameworks";
				"LD_RUNPATH_SEARCH_PATHS[sdk=macosx*]" = "@executable_path/../Frameworks";
				MACOSX_DEPLOYMENT_TARGET = 13.3;
				MARKETING_VERSION = 1.0;
				PRODUCT_BUNDLE_IDENTIFIER = com.nonatosousa.africaapp;
				PRODUCT_NAME = "$(TARGET_NAME)";
				SDKROOT = auto;
				SUPPORTED_PLATFORMS = "iphoneos iphonesimulator";
				SUPPORTS_MACCATALYST = NO;
				SUPPORTS_MAC_DESIGNED_FOR_IPHONE_IPAD = NO;
				SWIFT_EMIT_LOC_STRINGS = YES;
				SWIFT_VERSION = 5.0;
				TARGETED_DEVICE_FAMILY = "1,2";
			};
			name = Release;
		};
/* End XCBuildConfiguration section */

/* Begin XCConfigurationList section */
		77C254182ACD6E1F0076AB40 /* Build configuration list for PBXProject "Africa" */ = {
			isa = XCConfigurationList;
			buildConfigurations = (
				77C2542A2ACD6E220076AB40 /* Debug */,
				77C2542B2ACD6E220076AB40 /* Release */,
			);
			defaultConfigurationIsVisible = 0;
			defaultConfigurationName = Release;
		};
		77C2542C2ACD6E220076AB40 /* Build configuration list for PBXNativeTarget "Africa" */ = {
			isa = XCConfigurationList;
			buildConfigurations = (
				77C2542D2ACD6E220076AB40 /* Debug */,
				77C2542E2ACD6E220076AB40 /* Release */,
			);
			defaultConfigurationIsVisible = 0;
			defaultConfigurationName = Release;
		};
/* End XCConfigurationList section */
	};
	rootObject = 77C254152ACD6E1F0076AB40 /* Project object */;
}
