// !$*UTF8*$!
{
	archiveVersion = 1;
	classes = {
	};
	objectVersion = 56;
	objects = {

/* Begin PBXBuildFile section */
		77C254212ACD6E1F0076AB40 /* AfricaApp.swift in Sources */ = {isa = PBXBuildFile; fileRef = 77C254202ACD6E1F0076AB40 /* AfricaApp.swift */; };
		77C254232ACD6E1F0076AB40 /* ContentView.swift in Sources */ = {isa = PBXBuildFile; fileRef = 77C254222ACD6E1F0076AB40 /* ContentView.swift */; };
		77C254252ACD6E220076AB40 /* Assets.xcassets in Resources */ = {isa = PBXBuildFile; fileRef = 77C254242ACD6E220076AB40 /* Assets.xcassets */; };
		77C254292ACD6E220076AB40 /* Preview Assets.xcassets in Resources */ = {isa = PBXBuildFile; fileRef = 77C254282ACD6E220076AB40 /* Preview Assets.xcassets */; };
		77C2543A2ACD6F910076AB40 /* cheetah.mp4 in Resources */ = {isa = PBXBuildFile; fileRef = 77C254302ACD6F900076AB40 /* cheetah.mp4 */; };
		77C2543B2ACD6F910076AB40 /* lion.mp4 in Resources */ = {isa = PBXBuildFile; fileRef = 77C254312ACD6F900076AB40 /* lion.mp4 */; };
		77C2543C2ACD6F910076AB40 /* gorilla.mp4 in Resources */ = {isa = PBXBuildFile; fileRef = 77C254322ACD6F900076AB40 /* gorilla.mp4 */; };
		77C2543D2ACD6F910076AB40 /* elephant.mp4 in Resources */ = {isa = PBXBuildFile; fileRef = 77C254332ACD6F910076AB40 /* elephant.mp4 */; };
		77C2543E2ACD6F910076AB40 /* lioness.mp4 in Resources */ = {isa = PBXBuildFile; fileRef = 77C254342ACD6F910076AB40 /* lioness.mp4 */; };
		77C2543F2ACD6F910076AB40 /* rhino.mp4 in Resources */ = {isa = PBXBuildFile; fileRef = 77C254352ACD6F910076AB40 /* rhino.mp4 */; };
		77C254402ACD6F910076AB40 /* zebra.mp4 in Resources */ = {isa = PBXBuildFile; fileRef = 77C254362ACD6F910076AB40 /* zebra.mp4 */; };
		77C254412ACD6F910076AB40 /* hippo.mp4 in Resources */ = {isa = PBXBuildFile; fileRef = 77C254372ACD6F910076AB40 /* hippo.mp4 */; };
		77C254422ACD6F910076AB40 /* ostrich.mp4 in Resources */ = {isa = PBXBuildFile; fileRef = 77C254382ACD6F910076AB40 /* ostrich.mp4 */; };
		77C254432ACD6F910076AB40 /* giraffe.mp4 in Resources */ = {isa = PBXBuildFile; fileRef = 77C254392ACD6F910076AB40 /* giraffe.mp4 */; };
		77C254492ACD6FBC0076AB40 /* animals.json in Resources */ = {isa = PBXBuildFile; fileRef = 77C254452ACD6FBC0076AB40 /* animals.json */; };
		77C2544A2ACD6FBC0076AB40 /* covers.json in Resources */ = {isa = PBXBuildFile; fileRef = 77C254462ACD6FBC0076AB40 /* covers.json */; };
		77C2544B2ACD6FBC0076AB40 /* videos.json in Resources */ = {isa = PBXBuildFile; fileRef = 77C254472ACD6FBC0076AB40 /* videos.json */; };
		77C2544C2ACD6FBC0076AB40 /* locations.json in Resources */ = {isa = PBXBuildFile; fileRef = 77C254482ACD6FBC0076AB40 /* locations.json */; };
		77C254502ACD71C20076AB40 /* VideoListView.swift in Sources */ = {isa = PBXBuildFile; fileRef = 77C2544F2ACD71C20076AB40 /* VideoListView.swift */; };
		77C254522ACD71D90076AB40 /* MapView.swift in Sources */ = {isa = PBXBuildFile; fileRef = 77C254512ACD71D90076AB40 /* MapView.swift */; };
		77C254542ACD71E80076AB40 /* GalleryView.swift in Sources */ = {isa = PBXBuildFile; fileRef = 77C254532ACD71E80076AB40 /* GalleryView.swift */; };
		77C254562ACD71F50076AB40 /* MainView.swift in Sources */ = {isa = PBXBuildFile; fileRef = 77C254552ACD71F50076AB40 /* MainView.swift */; };
/* End PBXBuildFile section */

/* Begin PBXFileReference section */
		77C2541D2ACD6E1F0076AB40 /* Africa.app */ = {isa = PBXFileReference; explicitFileType = wrapper.application; includeInIndex = 0; path = Africa.app; sourceTree = BUILT_PRODUCTS_DIR; };
		77C254202ACD6E1F0076AB40 /* AfricaApp.swift */ = {isa = PBXFileReference; lastKnownFileType = sourcecode.swift; path = AfricaApp.swift; sourceTree = "<group>"; };
		77C254222ACD6E1F0076AB40 /* ContentView.swift */ = {isa = PBXFileReference; lastKnownFileType = sourcecode.swift; path = ContentView.swift; sourceTree = "<group>"; };
		77C254242ACD6E220076AB40 /* Assets.xcassets */ = {isa = PBXFileReference; lastKnownFileType = folder.assetcatalog; path = Assets.xcassets; sourceTree = "<group>"; };
		77C254262ACD6E220076AB40 /* Africa.entitlements */ = {isa = PBXFileReference; lastKnownFileType = text.plist.entitlements; path = Africa.entitlements; sourceTree = "<group>"; };
		77C254282ACD6E220076AB40 /* Preview Assets.xcassets */ = {isa = PBXFileReference; lastKnownFileType = folder.assetcatalog; path = "Preview Assets.xcassets"; sourceTree = "<group>"; };
		77C254302ACD6F900076AB40 /* cheetah.mp4 */ = {isa = PBXFileReference; lastKnownFileType = file; name = cheetah.mp4; path = "../../../../../../Users/nonatosousa/Downloads/SWIFTUI-APP-AFRICA-UPDATED/Resources/video/cheetah.mp4"; sourceTree = "<group>"; };
		77C254312ACD6F900076AB40 /* lion.mp4 */ = {isa = PBXFileReference; lastKnownFileType = file; name = lion.mp4; path = "../../../../../../Users/nonatosousa/Downloads/SWIFTUI-APP-AFRICA-UPDATED/Resources/video/lion.mp4"; sourceTree = "<group>"; };
		77C254322ACD6F900076AB40 /* gorilla.mp4 */ = {isa = PBXFileReference; lastKnownFileType = file; name = gorilla.mp4; path = "../../../../../../Users/nonatosousa/Downloads/SWIFTUI-APP-AFRICA-UPDATED/Resources/video/gorilla.mp4"; sourceTree = "<group>"; };
		77C254332ACD6F910076AB40 /* elephant.mp4 */ = {isa = PBXFileReference; lastKnownFileType = file; name = elephant.mp4; path = "../../../../../../Users/nonatosousa/Downloads/SWIFTUI-APP-AFRICA-UPDATED/Resources/video/elephant.mp4"; sourceTree = "<group>"; };
		77C254342ACD6F910076AB40 /* lioness.mp4 */ = {isa = PBXFileReference; lastKnownFileType = file; name = lioness.mp4; path = "../../../../../../Users/nonatosousa/Downloads/SWIFTUI-APP-AFRICA-UPDATED/Resources/video/lioness.mp4"; sourceTree = "<group>"; };
		77C254352ACD6F910076AB40 /* rhino.mp4 */ = {isa = PBXFileReference; lastKnownFileType = file; name = rhino.mp4; path = "../../../../../../Users/nonatosousa/Downloads/SWIFTUI-APP-AFRICA-UPDATED/Resources/video/rhino.mp4"; sourceTree = "<group>"; };
		77C254362ACD6F910076AB40 /* zebra.mp4 */ = {isa = PBXFileReference; lastKnownFileType = file; name = zebra.mp4; path = "../../../../../../Users/nonatosousa/Downloads/SWIFTUI-APP-AFRICA-UPDATED/Resources/video/zebra.mp4"; sourceTree = "<group>"; };
		77C254372ACD6F910076AB40 /* hippo.mp4 */ = {isa = PBXFileReference; lastKnownFileType = file; name = hippo.mp4; path = "../../../../../../Users/nonatosousa/Downloads/SWIFTUI-APP-AFRICA-UPDATED/Resources/video/hippo.mp4"; sourceTree = "<group>"; };
		77C254382ACD6F910076AB40 /* ostrich.mp4 */ = {isa = PBXFileReference; lastKnownFileType = file; name = ostrich.mp4; path = "../../../../../../Users/nonatosousa/Downloads/SWIFTUI-APP-AFRICA-UPDATED/Resources/video/ostrich.mp4"; sourceTree = "<group>"; };
		77C254392ACD6F910076AB40 /* giraffe.mp4 */ = {isa = PBXFileReference; lastKnownFileType = file; name = giraffe.mp4; path = "../../../../../../Users/nonatosousa/Downloads/SWIFTUI-APP-AFRICA-UPDATED/Resources/video/giraffe.mp4"; sourceTree = "<group>"; };
		77C254452ACD6FBC0076AB40 /* animals.json */ = {isa = PBXFileReference; fileEncoding = 4; lastKnownFileType = text.json; name = animals.json; path = "../../../../../../Users/nonatosousa/Downloads/SWIFTUI-APP-AFRICA-UPDATED/Resources/data/animals.json"; sourceTree = "<group>"; };
		77C254462ACD6FBC0076AB40 /* covers.json */ = {isa = PBXFileReference; fileEncoding = 4; lastKnownFileType = text.json; name = covers.json; path = "../../../../../../Users/nonatosousa/Downloads/SWIFTUI-APP-AFRICA-UPDATED/Resources/data/covers.json"; sourceTree = "<group>"; };
		77C254472ACD6FBC0076AB40 /* videos.json */ = {isa = PBXFileReference; fileEncoding = 4; lastKnownFileType = text.json; name = videos.json; path = "../../../../../../Users/nonatosousa/Downloads/SWIFTUI-APP-AFRICA-UPDATED/Resources/data/videos.json"; sourceTree = "<group>"; };
		77C254482ACD6FBC0076AB40 /* locations.json */ = {isa = PBXFileReference; fileEncoding = 4; lastKnownFileType = text.json; name = locations.json; path = "../../../../../../Users/nonatosousa/Downloads/SWIFTUI-APP-AFRICA-UPDATED/Resources/data/locations.json"; sourceTree = "<group>"; };
		77C2544D2ACD70D80076AB40 /* Info.plist */ = {isa = PBXFileReference; lastKnownFileType = text.plist; path = Info.plist; sourceTree = "<group>"; };
		77C2544F2ACD71C20076AB40 /* VideoListView.swift */ = {isa = PBXFileReference; lastKnownFileType = sourcecode.swift; path = VideoListView.swift; sourceTree = "<group>"; };
		77C254512ACD71D90076AB40 /* MapView.swift */ = {isa = PBXFileReference; lastKnownFileType = sourcecode.swift; path = MapView.swift; sourceTree = "<group>"; };
		77C254532ACD71E80076AB40 /* GalleryView.swift */ = {isa = PBXFileReference; lastKnownFileType = sourcecode.swift; path = GalleryView.swift; sourceTree = "<group>"; };
		77C254552ACD71F50076AB40 /* MainView.swift */ = {isa = PBXFileReference; lastKnownFileType = sourcecode.swift; path = MainView.swift; sourceTree = "<group>"; };
/* End PBXFileReference section */

/* Begin PBXFrameworksBuildPhase section */
		77C2541A2ACD6E1F0076AB40 /* Frameworks */ = {
			isa = PBXFrameworksBuildPhase;
			buildActionMask = 2147483647;
			files = (
			);
			runOnlyForDeploymentPostprocessing = 0;
		};
/* End PBXFrameworksBuildPhase section */

/* Begin PBXGroup section */
		77C254142ACD6E1F0076AB40 = {
			isa = PBXGroup;
			children = (
				77C2541F2ACD6E1F0076AB40 /* Africa */,
				77C2541E2ACD6E1F0076AB40 /* Products */,
			);
			sourceTree = "<group>";
		};
		77C2541E2ACD6E1F0076AB40 /* Products */ = {
			isa = PBXGroup;
			children = (
				77C2541D2ACD6E1F0076AB40 /* Africa.app */,
			);
			name = Products;
			sourceTree = "<group>";
		};
		77C2541F2ACD6E1F0076AB40 /* Africa */ = {
			isa = PBXGroup;
			children = (
				77C2544D2ACD70D80076AB40 /* Info.plist */,
				77C254442ACD6FAD0076AB40 /* Data */,
				77C2542F2ACD6F6E0076AB40 /* Videos */,
				77C2544E2ACD71830076AB40 /* App */,
				77C254242ACD6E220076AB40 /* Assets.xcassets */,
				77C254262ACD6E220076AB40 /* Africa.entitlements */,
				77C254272ACD6E220076AB40 /* Preview Content */,
			);
			path = Africa;
			sourceTree = "<group>";
		};
		77C254272ACD6E220076AB40 /* Preview Content */ = {
			isa = PBXGroup;
			children = (
				77C254282ACD6E220076AB40 /* Preview Assets.xcassets */,
			);
			path = "Preview Content";
			sourceTree = "<group>";
		};
		77C2542F2ACD6F6E0076AB40 /* Videos */ = {
			isa = PBXGroup;
			children = (
				77C254302ACD6F900076AB40 /* cheetah.mp4 */,
				77C254332ACD6F910076AB40 /* elephant.mp4 */,
				77C254392ACD6F910076AB40 /* giraffe.mp4 */,
				77C254322ACD6F900076AB40 /* gorilla.mp4 */,
				77C254372ACD6F910076AB40 /* hippo.mp4 */,
				77C254312ACD6F900076AB40 /* lion.mp4 */,
				77C254342ACD6F910076AB40 /* lioness.mp4 */,
				77C254382ACD6F910076AB40 /* ostrich.mp4 */,
				77C254352ACD6F910076AB40 /* rhino.mp4 */,
				77C254362ACD6F910076AB40 /* zebra.mp4 */,
			);
			path = Videos;
			sourceTree = "<group>";
		};
		77C254442ACD6FAD0076AB40 /* Data */ = {
			isa = PBXGroup;
			children = (
				77C254452ACD6FBC0076AB40 /* animals.json */,
				77C254462ACD6FBC0076AB40 /* covers.json */,
				77C254482ACD6FBC0076AB40 /* locations.json */,
				77C254472ACD6FBC0076AB40 /* videos.json */,
			);
			path = Data;
			sourceTree = "<group>";
		};
		77C2544E2ACD71830076AB40 /* App */ = {
			isa = PBXGroup;
			children = (
				77C254202ACD6E1F0076AB40 /* AfricaApp.swift */,
				77C254222ACD6E1F0076AB40 /* ContentView.swift */,
				77C2544F2ACD71C20076AB40 /* VideoListView.swift */,
				77C254512ACD71D90076AB40 /* MapView.swift */,
				77C254532ACD71E80076AB40 /* GalleryView.swift */,
				77C254552ACD71F50076AB40 /* MainView.swift */,
			);
			path = App;
			sourceTree = "<group>";
		};
/* End PBXGroup section */

/* Begin PBXNativeTarget section */
		77C2541C2ACD6E1F0076AB40 /* Africa */ = {
			isa = PBXNativeTarget;
			buildConfigurationList = 77C2542C2ACD6E220076AB40 /* Build configuration list for PBXNativeTarget "Africa" */;
			buildPhases = (
				77C254192ACD6E1F0076AB40 /* Sources */,
				77C2541A2ACD6E1F0076AB40 /* Frameworks */,
				77C2541B2ACD6E1F0076AB40 /* Resources */,
			);
			buildRules = (
			);
			dependencies = (
			);
			name = Africa;
			productName = Africa;
			productReference = 77C2541D2ACD6E1F0076AB40 /* Africa.app */;
			productType = "com.apple.product-type.application";
		};
/* End PBXNativeTarget section */

/* Begin PBXProject section */
		77C254152ACD6E1F0076AB40 /* Project object */ = {
			isa = PBXProject;
			attributes = {
				BuildIndependentTargetsInParallel = 1;
				LastSwiftUpdateCheck = 1430;
				LastUpgradeCheck = 1430;
				TargetAttributes = {
					77C2541C2ACD6E1F0076AB40 = {
						CreatedOnToolsVersion = 14.3.1;
					};
				};
			};
			buildConfigurationList = 77C254182ACD6E1F0076AB40 /* Build configuration list for PBXProject "Africa" */;
			compatibilityVersion = "Xcode 14.0";
			developmentRegion = en;
			hasScannedForEncodings = 0;
			knownRegions = (
				en,
				Base,
			);
			mainGroup = 77C254142ACD6E1F0076AB40;
			productRefGroup = 77C2541E2ACD6E1F0076AB40 /* Products */;
			projectDirPath = "";
			projectRoot = "";
			targets = (
				77C2541C2ACD6E1F0076AB40 /* Africa */,
			);
		};
/* End PBXProject section */

/* Begin PBXResourcesBuildPhase section */
		77C2541B2ACD6E1F0076AB40 /* Resources */ = {
			isa = PBXResourcesBuildPhase;
			buildActionMask = 2147483647;
			files = (
				77C254412ACD6F910076AB40 /* hippo.mp4 in Resources */,
				77C2543F2ACD6F910076AB40 /* rhino.mp4 in Resources */,
				77C2544C2ACD6FBC0076AB40 /* locations.json in Resources */,
				77C2544B2ACD6FBC0076AB40 /* videos.json in Resources */,
				77C254432ACD6F910076AB40 /* giraffe.mp4 in Resources */,
				77C254292ACD6E220076AB40 /* Preview Assets.xcassets in Resources */,
				77C2543B2ACD6F910076AB40 /* lion.mp4 in Resources */,
				77C2543D2ACD6F910076AB40 /* elephant.mp4 in Resources */,
				77C2543C2ACD6F910076AB40 /* gorilla.mp4 in Resources */,
				77C2544A2ACD6FBC0076AB40 /* covers.json in Resources */,
				77C254492ACD6FBC0076AB40 /* animals.json in Resources */,
				77C254252ACD6E220076AB40 /* Assets.xcassets in Resources */,
				77C2543E2ACD6F910076AB40 /* lioness.mp4 in Resources */,
				77C254402ACD6F910076AB40 /* zebra.mp4 in Resources */,
				77C2543A2ACD6F910076AB40 /* cheetah.mp4 in Resources */,
				77C254422ACD6F910076AB40 /* ostrich.mp4 in Resources */,
			);
			runOnlyForDeploymentPostprocessing = 0;
		};
/* End PBXResourcesBuildPhase section */

/* Begin PBXSourcesBuildPhase section */
		77C254192ACD6E1F0076AB40 /* Sources */ = {
			isa = PBXSourcesBuildPhase;
			buildActionMask = 2147483647;
			files = (
				77C254232ACD6E1F0076AB40 /* ContentView.swift in Sources */,
				77C254562ACD71F50076AB40 /* MainView.swift in Sources */,
				77C254522ACD71D90076AB40 /* MapView.swift in Sources */,
				77C254212ACD6E1F0076AB40 /* AfricaApp.swift in Sources */,
				77C254502ACD71C20076AB40 /* VideoListView.swift in Sources */,
				77C254542ACD71E80076AB40 /* GalleryView.swift in Sources */,
			);
			runOnlyForDeploymentPostprocessing = 0;
		};
/* End PBXSourcesBuildPhase section */

/* Begin XCBuildConfiguration section */
		77C2542A2ACD6E220076AB40 /* Debug */ = {
			isa = XCBuildConfiguration;
			buildSettings = {
				ALWAYS_SEARCH_USER_PATHS = NO;
				CLANG_ANALYZER_NONNULL = YES;
				CLANG_ANALYZER_NUMBER_OBJECT_CONVERSION = YES_AGGRESSIVE;
				CLANG_CXX_LANGUAGE_STANDARD = "gnu++20";
				CLANG_ENABLE_MODULES = YES;
				CLANG_ENABLE_OBJC_ARC = YES;
				CLANG_ENABLE_OBJC_WEAK = YES;
				CLANG_WARN_BLOCK_CAPTURE_AUTORELEASING = YES;
				CLANG_WARN_BOOL_CONVERSION = YES;
				CLANG_WARN_COMMA = YES;
				CLANG_WARN_CONSTANT_CONVERSION = YES;
				CLANG_WARN_DEPRECATED_OBJC_IMPLEMENTATIONS = YES;
				CLANG_WARN_DIRECT_OBJC_ISA_USAGE = YES_ERROR;
				CLANG_WARN_DOCUMENTATION_COMMENTS = YES;
				CLANG_WARN_EMPTY_BODY = YES;
				CLANG_WARN_ENUM_CONVERSION = YES;
				CLANG_WARN_INFINITE_RECURSION = YES;
				CLANG_WARN_INT_CONVERSION = YES;
				CLANG_WARN_NON_LITERAL_NULL_CONVERSION = YES;
				CLANG_WARN_OBJC_IMPLICIT_RETAIN_SELF = YES;
				CLANG_WARN_OBJC_LITERAL_CONVERSION = YES;
				CLANG_WARN_OBJC_ROOT_CLASS = YES_ERROR;
				CLANG_WARN_QUOTED_INCLUDE_IN_FRAMEWORK_HEADER = YES;
				CLANG_WARN_RANGE_LOOP_ANALYSIS = YES;
				CLANG_WARN_STRICT_PROTOTYPES = YES;
				CLANG_WARN_SUSPICIOUS_MOVE = YES;
				CLANG_WARN_UNGUARDED_AVAILABILITY = YES_AGGRESSIVE;
				CLANG_WARN_UNREACHABLE_CODE = YES;
				CLANG_WARN__DUPLICATE_METHOD_MATCH = YES;
				COPY_PHASE_STRIP = NO;
				DEBUG_INFORMATION_FORMAT = dwarf;
				ENABLE_STRICT_OBJC_MSGSEND = YES;
				ENABLE_TESTABILITY = YES;
				GCC_C_LANGUAGE_STANDARD = gnu11;
				GCC_DYNAMIC_NO_PIC = NO;
				GCC_NO_COMMON_BLOCKS = YES;
				GCC_OPTIMIZATION_LEVEL = 0;
				GCC_PREPROCESSOR_DEFINITIONS = (
					"DEBUG=1",
					"$(inherited)",
				);
				GCC_WARN_64_TO_32_BIT_CONVERSION = YES;
				GCC_WARN_ABOUT_RETURN_TYPE = YES_ERROR;
				GCC_WARN_UNDECLARED_SELECTOR = YES;
				GCC_WARN_UNINITIALIZED_AUTOS = YES_AGGRESSIVE;
				GCC_WARN_UNUSED_FUNCTION = YES;
				GCC_WARN_UNUSED_VARIABLE = YES;
				MTL_ENABLE_DEBUG_INFO = INCLUDE_SOURCE;
				MTL_FAST_MATH = YES;
				ONLY_ACTIVE_ARCH = YES;
				SWIFT_ACTIVE_COMPILATION_CONDITIONS = DEBUG;
				SWIFT_OPTIMIZATION_LEVEL = "-Onone";
			};
			name = Debug;
		};
		77C2542B2ACD6E220076AB40 /* Release */ = {
			isa = XCBuildConfiguration;
			buildSettings = {
				ALWAYS_SEARCH_USER_PATHS = NO;
				CLANG_ANALYZER_NONNULL = YES;
				CLANG_ANALYZER_NUMBER_OBJECT_CONVERSION = YES_AGGRESSIVE;
				CLANG_CXX_LANGUAGE_STANDARD = "gnu++20";
				CLANG_ENABLE_MODULES = YES;
				CLANG_ENABLE_OBJC_ARC = YES;
				CLANG_ENABLE_OBJC_WEAK = YES;
				CLANG_WARN_BLOCK_CAPTURE_AUTORELEASING = YES;
				CLANG_WARN_BOOL_CONVERSION = YES;
				CLANG_WARN_COMMA = YES;
				CLANG_WARN_CONSTANT_CONVERSION = YES;
				CLANG_WARN_DEPRECATED_OBJC_IMPLEMENTATIONS = YES;
				CLANG_WARN_DIRECT_OBJC_ISA_USAGE = YES_ERROR;
				CLANG_WARN_DOCUMENTATION_COMMENTS = YES;
				CLANG_WARN_EMPTY_BODY = YES;
				CLANG_WARN_ENUM_CONVERSION = YES;
				CLANG_WARN_INFINITE_RECURSION = YES;
				CLANG_WARN_INT_CONVERSION = YES;
				CLANG_WARN_NON_LITERAL_NULL_CONVERSION = YES;
				CLANG_WARN_OBJC_IMPLICIT_RETAIN_SELF = YES;
				CLANG_WARN_OBJC_LITERAL_CONVERSION = YES;
				CLANG_WARN_OBJC_ROOT_CLASS = YES_ERROR;
				CLANG_WARN_QUOTED_INCLUDE_IN_FRAMEWORK_HEADER = YES;
				CLANG_WARN_RANGE_LOOP_ANALYSIS = YES;
				CLANG_WARN_STRICT_PROTOTYPES = YES;
				CLANG_WARN_SUSPICIOUS_MOVE = YES;
				CLANG_WARN_UNGUARDED_AVAILABILITY = YES_AGGRESSIVE;
				CLANG_WARN_UNREACHABLE_CODE = YES;
				CLANG_WARN__DUPLICATE_METHOD_MATCH = YES;
				COPY_PHASE_STRIP = NO;
				DEBUG_INFORMATION_FORMAT = "dwarf-with-dsym";
				ENABLE_NS_ASSERTIONS = NO;
				ENABLE_STRICT_OBJC_MSGSEND = YES;
				GCC_C_LANGUAGE_STANDARD = gnu11;
				GCC_NO_COMMON_BLOCKS = YES;
				GCC_WARN_64_TO_32_BIT_CONVERSION = YES;
				GCC_WARN_ABOUT_RETURN_TYPE = YES_ERROR;
				GCC_WARN_UNDECLARED_SELECTOR = YES;
				GCC_WARN_UNINITIALIZED_AUTOS = YES_AGGRESSIVE;
				GCC_WARN_UNUSED_FUNCTION = YES;
				GCC_WARN_UNUSED_VARIABLE = YES;
				MTL_ENABLE_DEBUG_INFO = NO;
				MTL_FAST_MATH = YES;
				SWIFT_COMPILATION_MODE = wholemodule;
				SWIFT_OPTIMIZATION_LEVEL = "-O";
			};
			name = Release;
		};
		77C2542D2ACD6E220076AB40 /* Debug */ = {
			isa = XCBuildConfiguration;
			buildSettings = {
				ASSETCATALOG_COMPILER_APPICON_NAME = AppIcon;
				ASSETCATALOG_COMPILER_GLOBAL_ACCENT_COLOR_NAME = AccentColor;
				CODE_SIGN_ENTITLEMENTS = Africa/Africa.entitlements;
				CODE_SIGN_STYLE = Automatic;
				CURRENT_PROJECT_VERSION = 1;
				DEVELOPMENT_ASSET_PATHS = "\"Africa/Preview Content\"";
				DEVELOPMENT_TEAM = CAQ3L59HTS;
				ENABLE_HARDENED_RUNTIME = YES;
				ENABLE_PREVIEWS = YES;
				GENERATE_INFOPLIST_FILE = YES;
				INFOPLIST_FILE = Africa/Info.plist;
				"INFOPLIST_KEY_UIApplicationSceneManifest_Generation[sdk=iphoneos*]" = YES;
				"INFOPLIST_KEY_UIApplicationSceneManifest_Generation[sdk=iphonesimulator*]" = YES;
				"INFOPLIST_KEY_UIApplicationSupportsIndirectInputEvents[sdk=iphoneos*]" = YES;
				"INFOPLIST_KEY_UIApplicationSupportsIndirectInputEvents[sdk=iphonesimulator*]" = YES;
				"INFOPLIST_KEY_UILaunchScreen_Generation[sdk=iphoneos*]" = YES;
				"INFOPLIST_KEY_UILaunchScreen_Generation[sdk=iphonesimulator*]" = YES;
				"INFOPLIST_KEY_UIStatusBarStyle[sdk=iphoneos*]" = UIStatusBarStyleDefault;
				"INFOPLIST_KEY_UIStatusBarStyle[sdk=iphonesimulator*]" = UIStatusBarStyleDefault;
				INFOPLIST_KEY_UISupportedInterfaceOrientations_iPad = "UIInterfaceOrientationPortrait UIInterfaceOrientationPortraitUpsideDown UIInterfaceOrientationLandscapeLeft UIInterfaceOrientationLandscapeRight";
				INFOPLIST_KEY_UISupportedInterfaceOrientations_iPhone = "UIInterfaceOrientationPortrait UIInterfaceOrientationLandscapeLeft UIInterfaceOrientationLandscapeRight";
				INFOPLIST_KEY_UIUserInterfaceStyle = Dark;
				IPHONEOS_DEPLOYMENT_TARGET = 16.4;
				LD_RUNPATH_SEARCH_PATHS = "@executable_path/Frameworks";
				"LD_RUNPATH_SEARCH_PATHS[sdk=macosx*]" = "@executable_path/../Frameworks";
				MACOSX_DEPLOYMENT_TARGET = 13.3;
				MARKETING_VERSION = 1.0;
				PRODUCT_BUNDLE_IDENTIFIER = com.nonatosousa.mailattachement.Africa;
				PRODUCT_NAME = "$(TARGET_NAME)";
				SDKROOT = auto;
				SUPPORTED_PLATFORMS = "iphoneos iphonesimulator";
				SUPPORTS_MACCATALYST = NO;
				SUPPORTS_MAC_DESIGNED_FOR_IPHONE_IPAD = NO;
				SWIFT_EMIT_LOC_STRINGS = YES;
				SWIFT_VERSION = 5.0;
				TARGETED_DEVICE_FAMILY = "1,2";
			};
			name = Debug;
		};
		77C2542E2ACD6E220076AB40 /* Release */ = {
			isa = XCBuildConfiguration;
			buildSettings = {
				ASSETCATALOG_COMPILER_APPICON_NAME = AppIcon;
				ASSETCATALOG_COMPILER_GLOBAL_ACCENT_COLOR_NAME = AccentColor;
				CODE_SIGN_ENTITLEMENTS = Africa/Africa.entitlements;
				CODE_SIGN_STYLE = Automatic;
				CURRENT_PROJECT_VERSION = 1;
				DEVELOPMENT_ASSET_PATHS = "\"Africa/Preview Content\"";
				DEVELOPMENT_TEAM = CAQ3L59HTS;
				ENABLE_HARDENED_RUNTIME = YES;
				ENABLE_PREVIEWS = YES;
				GENERATE_INFOPLIST_FILE = YES;
				INFOPLIST_FILE = Africa/Info.plist;
				"INFOPLIST_KEY_UIApplicationSceneManifest_Generation[sdk=iphoneos*]" = YES;
				"INFOPLIST_KEY_UIApplicationSceneManifest_Generation[sdk=iphonesimulator*]" = YES;
				"INFOPLIST_KEY_UIApplicationSupportsIndirectInputEvents[sdk=iphoneos*]" = YES;
				"INFOPLIST_KEY_UIApplicationSupportsIndirectInputEvents[sdk=iphonesimulator*]" = YES;
				"INFOPLIST_KEY_UILaunchScreen_Generation[sdk=iphoneos*]" = YES;
				"INFOPLIST_KEY_UILaunchScreen_Generation[sdk=iphonesimulator*]" = YES;
				"INFOPLIST_KEY_UIStatusBarStyle[sdk=iphoneos*]" = UIStatusBarStyleDefault;
				"INFOPLIST_KEY_UIStatusBarStyle[sdk=iphonesimulator*]" = UIStatusBarStyleDefault;
				INFOPLIST_KEY_UISupportedInterfaceOrientations_iPad = "UIInterfaceOrientationPortrait UIInterfaceOrientationPortraitUpsideDown UIInterfaceOrientationLandscapeLeft UIInterfaceOrientationLandscapeRight";
				INFOPLIST_KEY_UISupportedInterfaceOrientations_iPhone = "UIInterfaceOrientationPortrait UIInterfaceOrientationLandscapeLeft UIInterfaceOrientationLandscapeRight";
				INFOPLIST_KEY_UIUserInterfaceStyle = Dark;
				IPHONEOS_DEPLOYMENT_TARGET = 16.4;
				LD_RUNPATH_SEARCH_PATHS = "@executable_path/Frameworks";
				"LD_RUNPATH_SEARCH_PATHS[sdk=macosx*]" = "@executable_path/../Frameworks";
				MACOSX_DEPLOYMENT_TARGET = 13.3;
				MARKETING_VERSION = 1.0;
				PRODUCT_BUNDLE_IDENTIFIER = com.nonatosousa.mailattachement.Africa;
				PRODUCT_NAME = "$(TARGET_NAME)";
				SDKROOT = auto;
				SUPPORTED_PLATFORMS = "iphoneos iphonesimulator";
				SUPPORTS_MACCATALYST = NO;
				SUPPORTS_MAC_DESIGNED_FOR_IPHONE_IPAD = NO;
				SWIFT_EMIT_LOC_STRINGS = YES;
				SWIFT_VERSION = 5.0;
				TARGETED_DEVICE_FAMILY = "1,2";
			};
			name = Release;
		};
/* End XCBuildConfiguration section */

/* Begin XCConfigurationList section */
		77C254182ACD6E1F0076AB40 /* Build configuration list for PBXProject "Africa" */ = {
			isa = XCConfigurationList;
			buildConfigurations = (
				77C2542A2ACD6E220076AB40 /* Debug */,
				77C2542B2ACD6E220076AB40 /* Release */,
			);
			defaultConfigurationIsVisible = 0;
			defaultConfigurationName = Release;
		};
		77C2542C2ACD6E220076AB40 /* Build configuration list for PBXNativeTarget "Africa" */ = {
			isa = XCConfigurationList;
			buildConfigurations = (
				77C2542D2ACD6E220076AB40 /* Debug */,
				77C2542E2ACD6E220076AB40 /* Release */,
			);
			defaultConfigurationIsVisible = 0;
			defaultConfigurationName = Release;
		};
/* End XCConfigurationList section */
	};
	rootObject = 77C254152ACD6E1F0076AB40 /* Project object */;
}
